{
  "version": 4,
  "terraform_version": "1.1.6",
  "serial": 4,
  "lineage": "4f82500a-819a-2c79-dea6-24df66f159e5",
  "outputs": {
    "external_ip_address_vm_1": {
      "value": "51.250.95.*",
      "type": "string"
    },
    "internal_ip_address_vm_1": {
      "value": "192.168.10.4",
      "type": "string"
    },
    "subnet-1": {
      "value": "e9bmimtkbbrnbefki***",
      "type": "string"
    },
    "yandex_iam_service_account": {
      "value": "ajeitl8r83tsgm7ln***",
      "type": "string"
    },
    "yandex_iam_user": {
      "value": "ajelestcfkkc0kkqc***",
      "type": "string"
    }
  },
  "resources": [
    {
      "mode": "data",
      "type": "yandex_iam_service_account",
      "name": "builder",
      "provider": "provider[\"registry.terraform.io/yandex-cloud/yandex\"]",
      "instances": [
        {
          "schema_version": 0,
          "attributes": {
            "created_at": "2022-06-12T16:54:11Z",
            "description": "",
            "folder_id": "b1ggs1btgl0dgp4le***",
            "id": "ajeitl8r83tsgm7ln***",
            "name": "my-robot",
            "service_account_id": "ajeitl8r83tsgm7ln***"
          },
          "sensitive_attributes": []
        }
      ]
    },
    {
      "mode": "data",
      "type": "yandex_iam_user",
      "name": "admin",
      "provider": "provider[\"registry.terraform.io/yandex-cloud/yandex\"]",
      "instances": [
        {
          "schema_version": 0,
          "attributes": {
            "default_email": "shagovid@yandex.ru",
            "id": "ajelestcfkkc0kkqc***",
            "login": "***",
            "user_id": "ajelestcfkkc0kkqc***"
          },
          "sensitive_attributes": []
        }
      ]
    },
    {
      "mode": "managed",
      "type": "yandex_compute_instance",
      "name": "vm-1",
      "provider": "provider[\"registry.terraform.io/yandex-cloud/yandex\"]",
      "instances": [
        {
          "schema_version": 1,
          "attributes": {
            "allow_recreate": null,
            "allow_stopping_for_update": null,
            "boot_disk": [
              {
                "auto_delete": true,
                "device_name": "fhmpebia5ocrfge74715",
                "disk_id": "fhmpebia5ocrfge74715",
                "initialize_params": [
                  {
                    "block_size": 4096,
                    "description": "",
                    "image_id": "fd89ovh4ticpo40dkbvd",
                    "name": "",
                    "size": 5,
                    "snapshot_id": "",
                    "type": "network-hdd"
                  }
                ],
                "mode": "READ_WRITE"
              }
            ],
            "created_at": "2022-06-12T17:01:10Z",
            "description": "",
            "folder_id": "b1ggs1btgl0dgp4le***",
            "fqdn": "tf1.netology.ru",
            "hostname": "tf1",
            "id": "fhmuap7vledbhsod4***",
            "labels": null,
            "metadata": {
              "ssh-keys": "ssh-rsa AAAAB3NzaC1yc2EAAAADAQABAAABAQDLrKBwEo+0GcNWpQ1TW/jtqgYcqO+W5AZ7rPXsoigBYOIb9JKbRakXpNOOgBgmLq1W/d91MCX9AR6ER5Qp8cdOAEPpXvMXzzKceO++52CoRUN0gfL/e5i/TMr9dXN4rLXEn4WG1lnmzVfhXm7kxem3b73DExnhwRDsR1XEsTiWn+o5h3wqMzRW/wo1Iqk1pQKOa3jaxWumyIspHuVJvlXYiVt/67P2WbYUAsVxDl6f/jqusI0OuucmzsADa5BfFhXPa627LfPEr6PptuXSSdOmpHlgMNCc8Am0HzEw2j8U6++vnz8em9ePG+WUqmCXcwHTy0o9+MqZ47ERz4+aC*** user@user-VPCSB2X9R\n",
              "user-data": ""
            },
            "name": "terraform1",
            "network_acceleration_type": "standard",
            "network_interface": [
              {
                "dns_record": [],
                "index": 0,
                "ip_address": "192.168.10.4",
                "ipv4": true,
                "ipv6": false,
                "ipv6_address": "",
                "ipv6_dns_record": [],
                "mac_address": "d0:0d:1e:56:4f:fa",
                "nat": true,
                "nat_dns_record": [],
                "nat_ip_address": "51.250.95.*",
                "nat_ip_version": "IPV4",
                "security_group_ids": [],
                "subnet_id": "e9bmimtkbbrnbefki***"
              }
            ],
            "placement_policy": [
              {
                "host_affinity_rules": [],
                "placement_group_id": ""
              }
            ],
            "platform_id": "standard-v1",
            "resources": [
              {
                "core_fraction": 100,
                "cores": 2,
                "gpus": 0,
                "memory": 2
              }
            ],
            "scheduling_policy": [
              {
                "preemptible": false
              }
            ],
            "secondary_disk": [],
            "service_account_id": "",
            "status": "running",
            "timeouts": null,
            "zone": "ru-central1-a"
          },
          "sensitive_attributes": [],
          "private": "eyJlMmJmYjczMC1lY2FhLTExZTYtOGY4OC0zNDM2M2JjN2M0YzAiOnsiY3JlYXRlIjozMDAwMDAwMDAwMDAsImRlbGV0ZSI6MzAwMDAwMDAwMDAwLCJ1cGRhdGUiOjMwMDAwMDAwMDAwMH0sInNjaGVtYV92ZXJzaW9uIjoiM***",
          "dependencies": [
            "yandex_vpc_network.network-1",
            "yandex_vpc_subnet.subnet-1"
          ]
        }
      ]
    },
    {
      "mode": "managed",
      "type": "yandex_vpc_network",
      "name": "network-1",
      "provider": "provider[\"registry.terraform.io/yandex-cloud/yandex\"]",
      "instances": [
        {
          "schema_version": 0,
          "attributes": {
            "created_at": "2022-06-12T17:01:08Z",
            "default_security_group_id": "",
            "description": "",
            "folder_id": "b1ggs1btgl0dgp4le***",
            "id": "enpqdkva6fc7prvc2***",
            "labels": {},
            "name": "network1",
            "subnet_ids": [],
            "timeouts": null
          },
          "sensitive_attributes": [],
          "private": "eyJlMmJmYjczMC1lY2FhLTExZTYtOGY4OC0zNDM2M2JjN2M0YzAiOnsiY3JlYXRlIjo2MDAwMDAwMDAwMCwiZGVsZXRlIjo2MDAwMDAwMDAwMCwidXBkYXRlIjo2MDAwMDAwMDAwM***"
        }
      ]
    },
    {
      "mode": "managed",
      "type": "yandex_vpc_subnet",
      "name": "subnet-1",
      "provider": "provider[\"registry.terraform.io/yandex-cloud/yandex\"]",
      "instances": [
        {
          "schema_version": 0,
          "attributes": {
            "created_at": "2022-06-12T17:01:09Z",
            "description": "",
            "dhcp_options": [],
            "folder_id": "b1ggs1btgl0dgp4le***",
            "id": "e9bmimtkbbrnbefki***",
            "labels": {},
            "name": "subnet1",
            "network_id": "enpqdkva6fc7prvc2***",
            "route_table_id": "",
            "timeouts": null,
            "v4_cidr_blocks": [
              "192.168.10.0/24"
            ],
            "v6_cidr_blocks": [],
            "zone": "ru-central1-a"
          },
          "sensitive_attributes": [],
          "private": "eyJlMmJmYjczMC1lY2FhLTExZTYtOGY4OC0zNDM2M2JjN2M0YzAiOnsiY3JlYXRlIjoxODAwMDAwMDAwMDAsImRlbGV0ZSI6MTgwMDAwMDAwMDAwLCJ1cGRhdGUiOjE4MDAwMDAwMDAwM***",
          "dependencies": [
            "yandex_vpc_network.network-1"
          ]
        }
      ]
    }
  ]
}
